PODS:
  - Alamofire (4.9.1)
  - Kingfisher (7.2.4)
  - MBProgressHUD (1.2.0)
  - SwiftyJSON (4.3.0)

DEPENDENCIES:
  - Alamofire
  - Kingfisher (~> 7.0)
  - MBProgressHUD (~> 1.2.0)
  - SwiftyJSON (~> 4.0)

SPEC REPOS:
  trunk:
    - Alamofire
    - Kingfisher
    - MBProgressHUD
    - SwiftyJSON

SPEC CHECKSUMS:
  Alamofire: 85e8a02c69d6020a0d734f6054870d7ecb75cf18
  Kingfisher: 2457be2121734e69e54a2312ecc0150eb9ae70b3
  MBProgressHUD: 3ee5efcc380f6a79a7cc9b363dd669c5e1ae7406
  SwiftyJSON: 6faa0040f8b59dead0ee07436cbf76b73c08fd08

PODFILE CHECKSUM: d61b784a954c592827108e0ea7ea7560111f2aa5

COCOAPODS: 1.11.2
